// !$*UTF8*$!
{
	archiveVersion = 1;
	classes = {
	};
	objectVersion = 46;
	objects = {

/* Begin PBXBuildFile section */
		3CB5F0157AACECFB954C39F8 /* libPods-登录注册.a in Frameworks */ = {isa = PBXBuildFile; fileRef = 85CB807E932B26E0CD49D358 /* libPods-登录注册.a */; };
		9CA0F40A1F3170BF001AF8F1 /* main.m in Sources */ = {isa = PBXBuildFile; fileRef = 9CA0F4091F3170BF001AF8F1 /* main.m */; };
		9CA0F40D1F3170BF001AF8F1 /* AppDelegate.m in Sources */ = {isa = PBXBuildFile; fileRef = 9CA0F40C1F3170BF001AF8F1 /* AppDelegate.m */; };
		9CA0F4101F3170BF001AF8F1 /* ViewController.m in Sources */ = {isa = PBXBuildFile; fileRef = 9CA0F40F1F3170BF001AF8F1 /* ViewController.m */; };
		9CA0F4151F3170BF001AF8F1 /* Assets.xcassets in Resources */ = {isa = PBXBuildFile; fileRef = 9CA0F4141F3170BF001AF8F1 /* Assets.xcassets */; };
		9CA0F4181F3170BF001AF8F1 /* LaunchScreen.storyboard in Resources */ = {isa = PBXBuildFile; fileRef = 9CA0F4161F3170BF001AF8F1 /* LaunchScreen.storyboard */; };
		9CA0F4201F31758F001AF8F1 /* Podfile in Resources */ = {isa = PBXBuildFile; fileRef = 9CA0F41F1F31758F001AF8F1 /* Podfile */; };
		9CA0F4231F3177CE001AF8F1 /* LoginViewController.m in Sources */ = {isa = PBXBuildFile; fileRef = 9CA0F4221F3177CE001AF8F1 /* LoginViewController.m */; };
		9CA0F4311F3177E5001AF8F1 /* RegisterViewController.m in Sources */ = {isa = PBXBuildFile; fileRef = 9CA0F4251F3177E5001AF8F1 /* RegisterViewController.m */; };
		9CA0F4321F3177E5001AF8F1 /* ForgetPasswordViewController.m in Sources */ = {isa = PBXBuildFile; fileRef = 9CA0F4271F3177E5001AF8F1 /* ForgetPasswordViewController.m */; };
		9CA0F4331F3177E5001AF8F1 /* PasswordViewController.m in Sources */ = {isa = PBXBuildFile; fileRef = 9CA0F4291F3177E5001AF8F1 /* PasswordViewController.m */; };
		9CA0F4341F3177E5001AF8F1 /* RootTabBarViewController.m in Sources */ = {isa = PBXBuildFile; fileRef = 9CA0F42B1F3177E5001AF8F1 /* RootTabBarViewController.m */; };
		9CA0F4351F3177E5001AF8F1 /* MyTableViewController.m in Sources */ = {isa = PBXBuildFile; fileRef = 9CA0F42D1F3177E5001AF8F1 /* MyTableViewController.m */; };
		9CA0F4361F3177E5001AF8F1 /* MainTableViewController.m in Sources */ = {isa = PBXBuildFile; fileRef = 9CA0F42F1F3177E5001AF8F1 /* MainTableViewController.m */; };
		9CA0F4371F3177E5001AF8F1 /* Main.storyboard in Resources */ = {isa = PBXBuildFile; fileRef = 9CA0F4301F3177E5001AF8F1 /* Main.storyboard */; };
/* End PBXBuildFile section */

/* Begin PBXFileReference section */
		48DF9678FE39D8E767CC7D2F /* Pods-登录注册.debug.xcconfig */ = {isa = PBXFileReference; includeInIndex = 1; lastKnownFileType = text.xcconfig; name = "Pods-登录注册.debug.xcconfig"; path = "Pods/Target Support Files/Pods-登录注册/Pods-登录注册.debug.xcconfig"; sourceTree = "<group>"; };
		79DE0D908733925DD9265A32 /* Pods-登录注册.release.xcconfig */ = {isa = PBXFileReference; includeInIndex = 1; lastKnownFileType = text.xcconfig; name = "Pods-登录注册.release.xcconfig"; path = "Pods/Target Support Files/Pods-登录注册/Pods-登录注册.release.xcconfig"; sourceTree = "<group>"; };
		85CB807E932B26E0CD49D358 /* libPods-登录注册.a */ = {isa = PBXFileReference; explicitFileType = archive.ar; includeInIndex = 0; path = "libPods-登录注册.a"; sourceTree = BUILT_PRODUCTS_DIR; };
		9CA0F4051F3170BF001AF8F1 /* 登录注册.app */ = {isa = PBXFileReference; explicitFileType = wrapper.application; includeInIndex = 0; path = "登录注册.app"; sourceTree = BUILT_PRODUCTS_DIR; };
		9CA0F4091F3170BF001AF8F1 /* main.m */ = {isa = PBXFileReference; lastKnownFileType = sourcecode.c.objc; path = main.m; sourceTree = "<group>"; };
		9CA0F40B1F3170BF001AF8F1 /* AppDelegate.h */ = {isa = PBXFileReference; lastKnownFileType = sourcecode.c.h; path = AppDelegate.h; sourceTree = "<group>"; };
		9CA0F40C1F3170BF001AF8F1 /* AppDelegate.m */ = {isa = PBXFileReference; lastKnownFileType = sourcecode.c.objc; path = AppDelegate.m; sourceTree = "<group>"; };
		9CA0F40E1F3170BF001AF8F1 /* ViewController.h */ = {isa = PBXFileReference; lastKnownFileType = sourcecode.c.h; path = ViewController.h; sourceTree = "<group>"; };
		9CA0F40F1F3170BF001AF8F1 /* ViewController.m */ = {isa = PBXFileReference; lastKnownFileType = sourcecode.c.objc; path = ViewController.m; sourceTree = "<group>"; };
		9CA0F4141F3170BF001AF8F1 /* Assets.xcassets */ = {isa = PBXFileReference; lastKnownFileType = folder.assetcatalog; path = Assets.xcassets; sourceTree = "<group>"; };
		9CA0F4171F3170BF001AF8F1 /* Base */ = {isa = PBXFileReference; lastKnownFileType = file.storyboard; name = Base; path = Base.lproj/LaunchScreen.storyboard; sourceTree = "<group>"; };
		9CA0F4191F3170BF001AF8F1 /* Info.plist */ = {isa = PBXFileReference; lastKnownFileType = text.plist.xml; path = Info.plist; sourceTree = "<group>"; };
		9CA0F41F1F31758F001AF8F1 /* Podfile */ = {isa = PBXFileReference; fileEncoding = 4; lastKnownFileType = text; path = Podfile; sourceTree = "<group>"; };
		9CA0F4211F3177CE001AF8F1 /* LoginViewController.h */ = {isa = PBXFileReference; fileEncoding = 4; lastKnownFileType = sourcecode.c.h; path = LoginViewController.h; sourceTree = "<group>"; };
		9CA0F4221F3177CE001AF8F1 /* LoginViewController.m */ = {isa = PBXFileReference; fileEncoding = 4; lastKnownFileType = sourcecode.c.objc; path = LoginViewController.m; sourceTree = "<group>"; };
		9CA0F4241F3177E5001AF8F1 /* RegisterViewController.h */ = {isa = PBXFileReference; fileEncoding = 4; lastKnownFileType = sourcecode.c.h; path = RegisterViewController.h; sourceTree = "<group>"; };
		9CA0F4251F3177E5001AF8F1 /* RegisterViewController.m */ = {isa = PBXFileReference; fileEncoding = 4; lastKnownFileType = sourcecode.c.objc; path = RegisterViewController.m; sourceTree = "<group>"; };
		9CA0F4261F3177E5001AF8F1 /* ForgetPasswordViewController.h */ = {isa = PBXFileReference; fileEncoding = 4; lastKnownFileType = sourcecode.c.h; path = ForgetPasswordViewController.h; sourceTree = "<group>"; };
		9CA0F4271F3177E5001AF8F1 /* ForgetPasswordViewController.m */ = {isa = PBXFileReference; fileEncoding = 4; lastKnownFileType = sourcecode.c.objc; path = ForgetPasswordViewController.m; sourceTree = "<group>"; };
		9CA0F4281F3177E5001AF8F1 /* PasswordViewController.h */ = {isa = PBXFileReference; fileEncoding = 4; lastKnownFileType = sourcecode.c.h; path = PasswordViewController.h; sourceTree = "<group>"; };
		9CA0F4291F3177E5001AF8F1 /* PasswordViewController.m */ = {isa = PBXFileReference; fileEncoding = 4; lastKnownFileType = sourcecode.c.objc; path = PasswordViewController.m; sourceTree = "<group>"; };
		9CA0F42A1F3177E5001AF8F1 /* RootTabBarViewController.h */ = {isa = PBXFileReference; fileEncoding = 4; lastKnownFileType = sourcecode.c.h; path = RootTabBarViewController.h; sourceTree = "<group>"; };
		9CA0F42B1F3177E5001AF8F1 /* RootTabBarViewController.m */ = {isa = PBXFileReference; fileEncoding = 4; lastKnownFileType = sourcecode.c.objc; path = RootTabBarViewController.m; sourceTree = "<group>"; };
		9CA0F42C1F3177E5001AF8F1 /* MyTableViewController.h */ = {isa = PBXFileReference; fileEncoding = 4; lastKnownFileType = sourcecode.c.h; path = MyTableViewController.h; sourceTree = "<group>"; };
		9CA0F42D1F3177E5001AF8F1 /* MyTableViewController.m */ = {isa = PBXFileReference; fileEncoding = 4; lastKnownFileType = sourcecode.c.objc; path = MyTableViewController.m; sourceTree = "<group>"; };
		9CA0F42E1F3177E5001AF8F1 /* MainTableViewController.h */ = {isa = PBXFileReference; fileEncoding = 4; lastKnownFileType = sourcecode.c.h; path = MainTableViewController.h; sourceTree = "<group>"; };
		9CA0F42F1F3177E5001AF8F1 /* MainTableViewController.m */ = {isa = PBXFileReference; fileEncoding = 4; lastKnownFileType = sourcecode.c.objc; path = MainTableViewController.m; sourceTree = "<group>"; };
		9CA0F4301F3177E5001AF8F1 /* Main.storyboard */ = {isa = PBXFileReference; fileEncoding = 4; lastKnownFileType = file.storyboard; path = Main.storyboard; sourceTree = "<group>"; };
/* End PBXFileReference section */

/* Begin PBXFrameworksBuildPhase section */
		9CA0F4021F3170BF001AF8F1 /* Frameworks */ = {
			isa = PBXFrameworksBuildPhase;
			buildActionMask = 2147483647;
			files = (
				3CB5F0157AACECFB954C39F8 /* libPods-登录注册.a in Frameworks */,
			);
			runOnlyForDeploymentPostprocessing = 0;
		};
/* End PBXFrameworksBuildPhase section */

/* Begin PBXGroup section */
		83A5CCAF1732799D1CFA32DC /* Frameworks */ = {
			isa = PBXGroup;
			children = (
				85CB807E932B26E0CD49D358 /* libPods-登录注册.a */,
			);
			name = Frameworks;
			sourceTree = "<group>";
		};
		9CA0F3FC1F3170BF001AF8F1 = {
			isa = PBXGroup;
			children = (
				9CA0F41F1F31758F001AF8F1 /* Podfile */,
				9CA0F4071F3170BF001AF8F1 /* 登录注册 */,
				9CA0F4061F3170BF001AF8F1 /* Products */,
				A775E775167048622FB807B1 /* Pods */,
				83A5CCAF1732799D1CFA32DC /* Frameworks */,
			);
			sourceTree = "<group>";
		};
		9CA0F4061F3170BF001AF8F1 /* Products */ = {
			isa = PBXGroup;
			children = (
				9CA0F4051F3170BF001AF8F1 /* 登录注册.app */,
			);
			name = Products;
			sourceTree = "<group>";
		};
		9CA0F4071F3170BF001AF8F1 /* 登录注册 */ = {
			isa = PBXGroup;
			children = (
				9CA0F40B1F3170BF001AF8F1 /* AppDelegate.h */,
				9CA0F40C1F3170BF001AF8F1 /* AppDelegate.m */,
				9CA0F40E1F3170BF001AF8F1 /* ViewController.h */,
				9CA0F40F1F3170BF001AF8F1 /* ViewController.m */,
				9CA0F4211F3177CE001AF8F1 /* LoginViewController.h */,
				9CA0F4221F3177CE001AF8F1 /* LoginViewController.m */,
				9CA0F4241F3177E5001AF8F1 /* RegisterViewController.h */,
				9CA0F4251F3177E5001AF8F1 /* RegisterViewController.m */,
				9CA0F4261F3177E5001AF8F1 /* ForgetPasswordViewController.h */,
				9CA0F4271F3177E5001AF8F1 /* ForgetPasswordViewController.m */,
				9CA0F4281F3177E5001AF8F1 /* PasswordViewController.h */,
				9CA0F4291F3177E5001AF8F1 /* PasswordViewController.m */,
				9CA0F42A1F3177E5001AF8F1 /* RootTabBarViewController.h */,
				9CA0F42B1F3177E5001AF8F1 /* RootTabBarViewController.m */,
				9CA0F42C1F3177E5001AF8F1 /* MyTableViewController.h */,
				9CA0F42D1F3177E5001AF8F1 /* MyTableViewController.m */,
				9CA0F42E1F3177E5001AF8F1 /* MainTableViewController.h */,
				9CA0F42F1F3177E5001AF8F1 /* MainTableViewController.m */,
				9CA0F4301F3177E5001AF8F1 /* Main.storyboard */,
				9CA0F4141F3170BF001AF8F1 /* Assets.xcassets */,
				9CA0F4161F3170BF001AF8F1 /* LaunchScreen.storyboard */,
				9CA0F4191F3170BF001AF8F1 /* Info.plist */,
				9CA0F4081F3170BF001AF8F1 /* Supporting Files */,
			);
			path = "登录注册";
			sourceTree = "<group>";
		};
		9CA0F4081F3170BF001AF8F1 /* Supporting Files */ = {
			isa = PBXGroup;
			children = (
				9CA0F4091F3170BF001AF8F1 /* main.m */,
			);
			name = "Supporting Files";
			sourceTree = "<group>";
		};
		A775E775167048622FB807B1 /* Pods */ = {
			isa = PBXGroup;
			children = (
				48DF9678FE39D8E767CC7D2F /* Pods-登录注册.debug.xcconfig */,
				79DE0D908733925DD9265A32 /* Pods-登录注册.release.xcconfig */,
			);
			name = Pods;
			sourceTree = "<group>";
		};
/* End PBXGroup section */

/* Begin PBXNativeTarget section */
		9CA0F4041F3170BF001AF8F1 /* 登录注册 */ = {
			isa = PBXNativeTarget;
			buildConfigurationList = 9CA0F41C1F3170BF001AF8F1 /* Build configuration list for PBXNativeTarget "登录注册" */;
			buildPhases = (
				92B445E2A2CD80D04590D257 /* [CP] Check Pods Manifest.lock */,
				9CA0F4011F3170BF001AF8F1 /* Sources */,
				9CA0F4021F3170BF001AF8F1 /* Frameworks */,
				9CA0F4031F3170BF001AF8F1 /* Resources */,
				C4498EB9BA4E09ECFBA62BF2 /* [CP] Embed Pods Frameworks */,
				F909AD583FD80370E49E15CD /* [CP] Copy Pods Resources */,
			);
			buildRules = (
			);
			dependencies = (
			);
			name = "登录注册";
			productName = "登录注册";
			productReference = 9CA0F4051F3170BF001AF8F1 /* 登录注册.app */;
			productType = "com.apple.product-type.application";
		};
/* End PBXNativeTarget section */

/* Begin PBXProject section */
		9CA0F3FD1F3170BF001AF8F1 /* Project object */ = {
			isa = PBXProject;
			attributes = {
				LastUpgradeCheck = 0830;
				ORGANIZATIONNAME = "李慧";
				TargetAttributes = {
					9CA0F4041F3170BF001AF8F1 = {
						CreatedOnToolsVersion = 8.3.3;
						DevelopmentTeam = G95U8TG65W;
						ProvisioningStyle = Automatic;
					};
				};
			};
			buildConfigurationList = 9CA0F4001F3170BF001AF8F1 /* Build configuration list for PBXProject "登录注册" */;
			compatibilityVersion = "Xcode 3.2";
			developmentRegion = English;
			hasScannedForEncodings = 0;
			knownRegions = (
				en,
				Base,
			);
			mainGroup = 9CA0F3FC1F3170BF001AF8F1;
			productRefGroup = 9CA0F4061F3170BF001AF8F1 /* Products */;
			projectDirPath = "";
			projectRoot = "";
			targets = (
				9CA0F4041F3170BF001AF8F1 /* 登录注册 */,
			);
		};
/* End PBXProject section */

/* Begin PBXResourcesBuildPhase section */
		9CA0F4031F3170BF001AF8F1 /* Resources */ = {
			isa = PBXResourcesBuildPhase;
			buildActionMask = 2147483647;
			files = (
				9CA0F4181F3170BF001AF8F1 /* LaunchScreen.storyboard in Resources */,
				9CA0F4371F3177E5001AF8F1 /* Main.storyboard in Resources */,
				9CA0F4151F3170BF001AF8F1 /* Assets.xcassets in Resources */,
				9CA0F4201F31758F001AF8F1 /* Podfile in Resources */,
			);
			runOnlyForDeploymentPostprocessing = 0;
		};
/* End PBXResourcesBuildPhase section */

/* Begin PBXShellScriptBuildPhase section */
		92B445E2A2CD80D04590D257 /* [CP] Check Pods Manifest.lock */ = {
			isa = PBXShellScriptBuildPhase;
			buildActionMask = 2147483647;
			files = (
			);
			inputPaths = (
			);
			name = "[CP] Check Pods Manifest.lock";
			outputPaths = (
			);
			runOnlyForDeploymentPostprocessing = 0;
			shellPath = /bin/sh;
			shellScript = "diff \"${PODS_PODFILE_DIR_PATH}/Podfile.lock\" \"${PODS_ROOT}/Manifest.lock\" > /dev/null\nif [ $? != 0 ] ; then\n    # print error to STDERR\n    echo \"error: The sandbox is not in sync with the Podfile.lock. Run 'pod install' or update your CocoaPods installation.\" >&2\n    exit 1\nfi\n";
			showEnvVarsInLog = 0;
		};
		C4498EB9BA4E09ECFBA62BF2 /* [CP] Embed Pods Frameworks */ = {
			isa = PBXShellScriptBuildPhase;
			buildActionMask = 2147483647;
			files = (
			);
			inputPaths = (
			);
			name = "[CP] Embed Pods Frameworks";
			outputPaths = (
			);
			runOnlyForDeploymentPostprocessing = 0;
			shellPath = /bin/sh;
			shellScript = "\"${SRCROOT}/Pods/Target Support Files/Pods-登录注册/Pods-登录注册-frameworks.sh\"\n";
			showEnvVarsInLog = 0;
		};
		F909AD583FD80370E49E15CD /* [CP] Copy Pods Resources */ = {
			isa = PBXShellScriptBuildPhase;
			buildActionMask = 2147483647;
			files = (
			);
			inputPaths = (
			);
			name = "[CP] Copy Pods Resources";
			outputPaths = (
			);
			runOnlyForDeploymentPostprocessing = 0;
			shellPath = /bin/sh;
			shellScript = "\"${SRCROOT}/Pods/Target Support Files/Pods-登录注册/Pods-登录注册-resources.sh\"\n";
			showEnvVarsInLog = 0;
		};
/* End PBXShellScriptBuildPhase section */

/* Begin PBXSourcesBuildPhase section */
		9CA0F4011F3170BF001AF8F1 /* Sources */ = {
			isa = PBXSourcesBuildPhase;
			buildActionMask = 2147483647;
			files = (
				9CA0F4311F3177E5001AF8F1 /* RegisterViewController.m in Sources */,
				9CA0F4231F3177CE001AF8F1 /* LoginViewController.m in Sources */,
				9CA0F4321F3177E5001AF8F1 /* ForgetPasswordViewController.m in Sources */,
				9CA0F4331F3177E5001AF8F1 /* PasswordViewController.m in Sources */,
				9CA0F4341F3177E5001AF8F1 /* RootTabBarViewController.m in Sources */,
				9CA0F4101F3170BF001AF8F1 /* ViewController.m in Sources */,
				9CA0F4351F3177E5001AF8F1 /* MyTableViewController.m in Sources */,
				9CA0F40D1F3170BF001AF8F1 /* AppDelegate.m in Sources */,
				9CA0F4361F3177E5001AF8F1 /* MainTableViewController.m in Sources */,
				9CA0F40A1F3170BF001AF8F1 /* main.m in Sources */,
			);
			runOnlyForDeploymentPostprocessing = 0;
		};
/* End PBXSourcesBuildPhase section */

/* Begin PBXVariantGroup section */
		9CA0F4161F3170BF001AF8F1 /* LaunchScreen.storyboard */ = {
			isa = PBXVariantGroup;
			children = (
				9CA0F4171F3170BF001AF8F1 /* Base */,
			);
			name = LaunchScreen.storyboard;
			sourceTree = "<group>";
		};
/* End PBXVariantGroup section */

/* Begin XCBuildConfiguration section */
		9CA0F41A1F3170BF001AF8F1 /* Debug */ = {
			isa = XCBuildConfiguration;
			buildSettings = {
				ALWAYS_SEARCH_USER_PATHS = NO;
				CLANG_ANALYZER_NONNULL = YES;
				CLANG_ANALYZER_NUMBER_OBJECT_CONVERSION = YES_AGGRESSIVE;
				CLANG_CXX_LANGUAGE_STANDARD = "gnu++0x";
				CLANG_CXX_LIBRARY = "libc++";
				CLANG_ENABLE_MODULES = YES;
				CLANG_ENABLE_OBJC_ARC = YES;
				CLANG_WARN_BOOL_CONVERSION = YES;
				CLANG_WARN_CONSTANT_CONVERSION = YES;
				CLANG_WARN_DIRECT_OBJC_ISA_USAGE = YES_ERROR;
				CLANG_WARN_DOCUMENTATION_COMMENTS = YES;
				CLANG_WARN_EMPTY_BODY = YES;
				CLANG_WARN_ENUM_CONVERSION = YES;
				CLANG_WARN_INFINITE_RECURSION = YES;
				CLANG_WARN_INT_CONVERSION = YES;
				CLANG_WARN_OBJC_ROOT_CLASS = YES_ERROR;
				CLANG_WARN_SUSPICIOUS_MOVE = YES;
				CLANG_WARN_UNREACHABLE_CODE = YES;
				CLANG_WARN__DUPLICATE_METHOD_MATCH = YES;
				"CODE_SIGN_IDENTITY[sdk=iphoneos*]" = "iPhone Developer";
				COPY_PHASE_STRIP = NO;
				DEBUG_INFORMATION_FORMAT = dwarf;
				ENABLE_STRICT_OBJC_MSGSEND = YES;
				ENABLE_TESTABILITY = YES;
				GCC_C_LANGUAGE_STANDARD = gnu99;
				GCC_DYNAMIC_NO_PIC = NO;
				GCC_NO_COMMON_BLOCKS = YES;
				GCC_OPTIMIZATION_LEVEL = 0;
				GCC_PREPROCESSOR_DEFINITIONS = (
					"DEBUG=1",
					"$(inherited)",
				);
				GCC_WARN_64_TO_32_BIT_CONVERSION = YES;
				GCC_WARN_ABOUT_RETURN_TYPE = YES_ERROR;
				GCC_WARN_UNDECLARED_SELECTOR = YES;
				GCC_WARN_UNINITIALIZED_AUTOS = YES_AGGRESSIVE;
				GCC_WARN_UNUSED_FUNCTION = YES;
				GCC_WARN_UNUSED_VARIABLE = YES;
				IPHONEOS_DEPLOYMENT_TARGET = 10.3;
				MTL_ENABLE_DEBUG_INFO = YES;
				ONLY_ACTIVE_ARCH = YES;
				SDKROOT = iphoneos;
			};
			name = Debug;
		};
		9CA0F41B1F3170BF001AF8F1 /* Release */ = {
			isa = XCBuildConfiguration;
			buildSettings = {
				ALWAYS_SEARCH_USER_PATHS = NO;
				CLANG_ANALYZER_NONNULL = YES;
				CLANG_ANALYZER_NUMBER_OBJECT_CONVERSION = YES_AGGRESSIVE;
				CLANG_CXX_LANGUAGE_STANDARD = "gnu++0x";
				CLANG_CXX_LIBRARY = "libc++";
				CLANG_ENABLE_MODULES = YES;
				CLANG_ENABLE_OBJC_ARC = YES;
				CLANG_WARN_BOOL_CONVERSION = YES;
				CLANG_WARN_CONSTANT_CONVERSION = YES;
				CLANG_WARN_DIRECT_OBJC_ISA_USAGE = YES_ERROR;
				CLANG_WARN_DOCUMENTATION_COMMENTS = YES;
				CLANG_WARN_EMPTY_BODY = YES;
				CLANG_WARN_ENUM_CONVERSION = YES;
				CLANG_WARN_INFINITE_RECURSION = YES;
				CLANG_WARN_INT_CONVERSION = YES;
				CLANG_WARN_OBJC_ROOT_CLASS = YES_ERROR;
				CLANG_WARN_SUSPICIOUS_MOVE = YES;
				CLANG_WARN_UNREACHABLE_CODE = YES;
				CLANG_WARN__DUPLICATE_METHOD_MATCH = YES;
				"CODE_SIGN_IDENTITY[sdk=iphoneos*]" = "iPhone Developer";
				COPY_PHASE_STRIP = NO;
				DEBUG_INFORMATION_FORMAT = "dwarf-with-dsym";
				ENABLE_NS_ASSERTIONS = NO;
				ENABLE_STRICT_OBJC_MSGSEND = YES;
				GCC_C_LANGUAGE_STANDARD = gnu99;
				GCC_NO_COMMON_BLOCKS = YES;
				GCC_WARN_64_TO_32_BIT_CONVERSION = YES;
				GCC_WARN_ABOUT_RETURN_TYPE = YES_ERROR;
				GCC_WARN_UNDECLARED_SELECTOR = YES;
				GCC_WARN_UNINITIALIZED_AUTOS = YES_AGGRESSIVE;
				GCC_WARN_UNUSED_FUNCTION = YES;
				GCC_WARN_UNUSED_VARIABLE = YES;
				IPHONEOS_DEPLOYMENT_TARGET = 10.3;
				MTL_ENABLE_DEBUG_INFO = NO;
				SDKROOT = iphoneos;
				VALIDATE_PRODUCT = YES;
			};
			name = Release;
		};
		9CA0F41D1F3170BF001AF8F1 /* Debug */ = {
			isa = XCBuildConfiguration;
			baseConfigurationReference = 48DF9678FE39D8E767CC7D2F /* Pods-登录注册.debug.xcconfig */;
			buildSettings = {
				ASSETCATALOG_COMPILER_APPICON_NAME = AppIcon;
				DEVELOPMENT_TEAM = G95U8TG65W;
				INFOPLIST_FILE = "登录注册/Info.plist";
				LD_RUNPATH_SEARCH_PATHS = "$(inherited) @executable_path/Frameworks";
				PRODUCT_BUNDLE_IDENTIFIER = "Wtc.----";
				PRODUCT_NAME = "$(TARGET_NAME)";
			};
			name = Debug;
		};
		9CA0F41E1F3170BF001AF8F1 /* Release */ = {
			isa = XCBuildConfiguration;
			baseConfigurationReference = 79DE0D908733925DD9265A32 /* Pods-登录注册.release.xcconfig */;
			buildSettings = {
				ASSETCATALOG_COMPILER_APPICON_NAME = AppIcon;
				DEVELOPMENT_TEAM = G95U8TG65W;
				INFOPLIST_FILE = "登录注册/Info.plist";
				LD_RUNPATH_SEARCH_PATHS = "$(inherited) @executable_path/Frameworks";
				PRODUCT_BUNDLE_IDENTIFIER = "Wtc.----";
				PRODUCT_NAME = "$(TARGET_NAME)";
			};
			name = Release;
		};
/* End XCBuildConfiguration section */

/* Begin XCConfigurationList section */
		9CA0F4001F3170BF001AF8F1 /* Build configuration list for PBXProject "登录注册" */ = {
			isa = XCConfigurationList;
			buildConfigurations = (
				9CA0F41A1F3170BF001AF8F1 /* Debug */,
				9CA0F41B1F3170BF001AF8F1 /* Release */,
			);
			defaultConfigurationIsVisible = 0;
			defaultConfigurationName = Release;
		};
		9CA0F41C1F3170BF001AF8F1 /* Build configuration list for PBXNativeTarget "登录注册" */ = {
			isa = XCConfigurationList;
			buildConfigurations = (
				9CA0F41D1F3170BF001AF8F1 /* Debug */,
				9CA0F41E1F3170BF001AF8F1 /* Release */,
			);
			defaultConfigurationIsVisible = 0;
			defaultConfigurationName = Release;
		};
/* End XCConfigurationList section */
	};
	rootObject = 9CA0F3FD1F3170BF001AF8F1 /* Project object */;
}
